
Microsoft Visual Studio Solution File, Format Version 12.00
# Visual Studio Version 17
VisualStudioVersion = 17.5.33516.290
MinimumVisualStudioVersion = 10.0.40219.1
Project("{FAE04EC0-301F-11D3-BF4B-00C04F79EFBC}") = "VMPStrings", "VMPStrings\VMPStrings.csproj", "{C229D1FD-B55C-4DED-84B9-064FFDF4A238}"
EndProject
Global
	GlobalSection(SolutionConfigurationPlatforms) = preSolution
		Debug|Any CPU = Debug|Any CPU
		Debug|x64 = Debug|x64
		Debug|x86 = Debug|x86
		Release|Any CPU = Release|Any CPU
		Release|x64 = Release|x64
		Release|x86 = Release|x86
	EndGlobalSection
	GlobalSection(ProjectConfigurationPlatforms) = postSolution
		{C229D1FD-B55C-4DED-84B9-064FFDF4A238}.Debug|Any CPU.ActiveCfg = Debug|Any CPU
		{C229D1FD-B55C-4DED-84B9-064FFDF4A238}.Debug|Any CPU.Build.0 = Debug|Any CPU
		{C229D1FD-B55C-4DED-84B9-064FFDF4A238}.Debug|x64.ActiveCfg = Debug|x64
		{C229D1FD-B55C-4DED-84B9-064FFDF4A238}.Debug|x64.Build.0 = Debug|x64
		{C229D1FD-B55C-4DED-84B9-064FFDF4A238}.Debug|x86.ActiveCfg = Debug|x86
		{C229D1FD-B55C-4DED-84B9-064FFDF4A238}.Debug|x86.Build.0 = Debug|x86
		{C229D1FD-B55C-4DED-84B9-064FFDF4A238}.Release|Any CPU.ActiveCfg = Release|Any CPU
		{C229D1FD-B55C-4DED-84B9-064FFDF4A238}.Release|Any CPU.Build.0 = Release|Any CPU
		{C229D1FD-B55C-4DED-84B9-064FFDF4A238}.Release|x64.ActiveCfg = Release|x64
		{C229D1FD-B55C-4DED-84B9-064FFDF4A238}.Release|x64.Build.0 = Release|x64
		{C229D1FD-B55C-4DED-84B9-064FFDF4A238}.Release|x86.ActiveCfg = Release|x86
		{C229D1FD-B55C-4DED-84B9-064FFDF4A238}.Release|x86.Build.0 = Release|x86
	EndGlobalSection
	GlobalSection(SolutionProperties) = preSolution
		HideSolutionNode = FALSE
	EndGlobalSection
	GlobalSection(ExtensibilityGlobals) = postSolution
		SolutionGuid = {C1DFF419-C259-46C6-A795-01D7FB946EB2}
	EndGlobalSection
EndGlobal
